
Microsoft Visual Studio Solution File, Format Version 12.00
# Visual Studio Version 17
VisualStudioVersion = 17.0.32126.317
MinimumVisualStudioVersion = 10.0.40219.1
Project("{FAE04EC0-301F-11D3-BF4B-00C04F79EFBC}") = "Constructors", "Constructors\Constructors.csproj", "{8152051A-5FB8-4F3C-8025-9F03A967D49B}"
EndProject
Global
	GlobalSection(SolutionConfigurationPlatforms) = preSolution
		Debug|Any CPU = Debug|Any CPU
		Release|Any CPU = Release|Any CPU
	EndGlobalSection
	GlobalSection(ProjectConfigurationPlatforms) = postSolution
		{8152051A-5FB8-4F3C-8025-9F03A967D49B}.Debug|Any CPU.ActiveCfg = Debug|Any CPU
		{8152051A-5FB8-4F3C-8025-9F03A967D49B}.Debug|Any CPU.Build.0 = Debug|Any CPU
		{8152051A-5FB8-4F3C-8025-9F03A967D49B}.Release|Any CPU.ActiveCfg = Release|Any CPU
		{8152051A-5FB8-4F3C-8025-9F03A967D49B}.Release|Any CPU.Build.0 = Release|Any CPU
	EndGlobalSection
	GlobalSection(SolutionProperties) = preSolution
		HideSolutionNode = FALSE
	EndGlobalSection
	GlobalSection(ExtensibilityGlobals) = postSolution
		SolutionGuid = {23055A2F-0898-4D10-9BD0-143D77110579}
	EndGlobalSection
EndGlobal
